
Microsoft Visual Studio Solution File, Format Version 12.00
# Visual Studio Version 17
VisualStudioVersion = 17.0.31903.59
MinimumVisualStudioVersion = 10.0.40219.1
Project("{9A19103F-16F7-4668-BE54-9A1E7A4F7556}") = "sample-integration-test", "sample-integration-test\sample-integration-test.csproj", "{6C594808-055E-44C7-BDA1-54E37B6007E5}"
EndProject
Project("{9A19103F-16F7-4668-BE54-9A1E7A4F7556}") = "sample-mvc-app", "sample-mvc-app\sample-mvc-app.csproj", "{097C955B-C541-4265-964B-85B4E240F762}"
EndProject
Project("{9A19103F-16F7-4668-BE54-9A1E7A4F7556}") = "sample-mvc-docker-app", "sample-mvc-docker-app\sample-mvc-docker-app.csproj", "{BB8D3100-278D-41E0-A6E1-FF917D9049A6}"
EndProject
Project("{9A19103F-16F7-4668-BE54-9A1E7A4F7556}") = "calculator-app", "calculator-app\calculator-app.csproj", "{39F6C430-04A3-4F92-A55A-D0081DDF31B1}"
EndProject
Project("{FAE04EC0-301F-11D3-BF4B-00C04F79EFBC}") = "sample-integration-test.Tests", "sample-integration-test.Tests\sample-integration-test.Tests.csproj", "{92A49ED0-0B17-4D31-9069-685A5BD1CA76}"
EndProject
Global
	GlobalSection(SolutionConfigurationPlatforms) = preSolution
		Debug|Any CPU = Debug|Any CPU
		Release|Any CPU = Release|Any CPU
	EndGlobalSection
	GlobalSection(ProjectConfigurationPlatforms) = postSolution
		{6C594808-055E-44C7-BDA1-54E37B6007E5}.Debug|Any CPU.ActiveCfg = Debug|Any CPU
		{6C594808-055E-44C7-BDA1-54E37B6007E5}.Debug|Any CPU.Build.0 = Debug|Any CPU
		{6C594808-055E-44C7-BDA1-54E37B6007E5}.Release|Any CPU.ActiveCfg = Release|Any CPU
		{6C594808-055E-44C7-BDA1-54E37B6007E5}.Release|Any CPU.Build.0 = Release|Any CPU
		{097C955B-C541-4265-964B-85B4E240F762}.Debug|Any CPU.ActiveCfg = Debug|Any CPU
		{097C955B-C541-4265-964B-85B4E240F762}.Debug|Any CPU.Build.0 = Debug|Any CPU
		{097C955B-C541-4265-964B-85B4E240F762}.Release|Any CPU.ActiveCfg = Release|Any CPU
		{097C955B-C541-4265-964B-85B4E240F762}.Release|Any CPU.Build.0 = Release|Any CPU
		{BB8D3100-278D-41E0-A6E1-FF917D9049A6}.Debug|Any CPU.ActiveCfg = Debug|Any CPU
		{BB8D3100-278D-41E0-A6E1-FF917D9049A6}.Debug|Any CPU.Build.0 = Debug|Any CPU
		{BB8D3100-278D-41E0-A6E1-FF917D9049A6}.Release|Any CPU.ActiveCfg = Release|Any CPU
		{BB8D3100-278D-41E0-A6E1-FF917D9049A6}.Release|Any CPU.Build.0 = Release|Any CPU
		{39F6C430-04A3-4F92-A55A-D0081DDF31B1}.Debug|Any CPU.ActiveCfg = Debug|Any CPU
		{39F6C430-04A3-4F92-A55A-D0081DDF31B1}.Debug|Any CPU.Build.0 = Debug|Any CPU
		{39F6C430-04A3-4F92-A55A-D0081DDF31B1}.Release|Any CPU.ActiveCfg = Release|Any CPU
		{39F6C430-04A3-4F92-A55A-D0081DDF31B1}.Release|Any CPU.Build.0 = Release|Any CPU
		{92A49ED0-0B17-4D31-9069-685A5BD1CA76}.Debug|Any CPU.ActiveCfg = Debug|Any CPU
		{92A49ED0-0B17-4D31-9069-685A5BD1CA76}.Debug|Any CPU.Build.0 = Debug|Any CPU
		{92A49ED0-0B17-4D31-9069-685A5BD1CA76}.Release|Any CPU.ActiveCfg = Release|Any CPU
		{92A49ED0-0B17-4D31-9069-685A5BD1CA76}.Release|Any CPU.Build.0 = Release|Any CPU
	EndGlobalSection
	GlobalSection(SolutionProperties) = preSolution
		HideSolutionNode = FALSE
	EndGlobalSection
	GlobalSection(ExtensibilityGlobals) = postSolution
		SolutionGuid = {C37E9282-E93B-491A-97AE-6086AB58A6BF}
	EndGlobalSection
EndGlobal
